
Microsoft Visual Studio Solution File, Format Version 12.00
# Visual Studio 15
VisualStudioVersion = 15.0.27703.1
MinimumVisualStudioVersion = 10.0.40219.1
Project("{FAE04EC0-301F-11D3-BF4B-00C04F79EFBC}") = "GetInfoThread", "GetInfoThread\GetInfoThread.csproj", "{7CE5BAF2-0579-46D5-B72F-F431B7B2F4CD}"
EndProject
Global
	GlobalSection(SolutionConfigurationPlatforms) = preSolution
		Debug|Any CPU = Debug|Any CPU
		Release|Any CPU = Release|Any CPU
	EndGlobalSection
	GlobalSection(ProjectConfigurationPlatforms) = postSolution
		{7CE5BAF2-0579-46D5-B72F-F431B7B2F4CD}.Debug|Any CPU.ActiveCfg = Debug|Any CPU
		{7CE5BAF2-0579-46D5-B72F-F431B7B2F4CD}.Debug|Any CPU.Build.0 = Debug|Any CPU
		{7CE5BAF2-0579-46D5-B72F-F431B7B2F4CD}.Release|Any CPU.ActiveCfg = Release|Any CPU
		{7CE5BAF2-0579-46D5-B72F-F431B7B2F4CD}.Release|Any CPU.Build.0 = Release|Any CPU
	EndGlobalSection
	GlobalSection(SolutionProperties) = preSolution
		HideSolutionNode = FALSE
	EndGlobalSection
	GlobalSection(ExtensibilityGlobals) = postSolution
		SolutionGuid = {7526D91F-28A8-424F-AC61-1C3B479C55F4}
	EndGlobalSection
EndGlobal
